
Microsoft Visual Studio Solution File, Format Version 12.00
Project("{2150E333-8FDC-42A3-9474-1A3956D46DE8}") = "Server", "Server", "{C47ED1EF-DBFD-4512-88D0-C2B6A7E6017C}"
EndProject
Project("{FAE04EC0-301F-11D3-BF4B-00C04F79EFBC}") = "Entities", "Server\Entities\Entities.csproj", "{3DA9BC89-2BCF-448B-A130-F928BC1F42A6}"
EndProject
Project("{FAE04EC0-301F-11D3-BF4B-00C04F79EFBC}") = "RepositoryContracts", "Server\RepositoryContracts\RepositoryContracts.csproj", "{C479DE47-D8E4-4AB9-94C0-7E5122B4D9BB}"
EndProject
Project("{FAE04EC0-301F-11D3-BF4B-00C04F79EFBC}") = "CLI", "Server\CLI\CLI.csproj", "{682546FF-B05F-45D8-A80C-59587387CA95}"
EndProject
Project("{FAE04EC0-301F-11D3-BF4B-00C04F79EFBC}") = "WebApi", "Server\WebApi\WebApi.csproj", "{0F47C599-55B7-456D-A436-9F31E5C639AB}"
EndProject
Project("{FAE04EC0-301F-11D3-BF4B-00C04F79EFBC}") = "FileRepositories", "Server\FileRepositories\FileRepositories.csproj", "{EB5083F6-6E61-415C-A9FF-3D6A774C0B1E}"
EndProject
Project("{2150E333-8FDC-42A3-9474-1A3956D46DE8}") = "Shared", "Shared", "{614C05DA-52D3-4C42-BF7C-3F3C9AE9505E}"
EndProject
Project("{FAE04EC0-301F-11D3-BF4B-00C04F79EFBC}") = "ApiContracts", "ApiContracts\ApiContracts.csproj", "{B65D6B91-D510-443C-B09B-4AA332E52D20}"
EndProject
Global
	GlobalSection(SolutionConfigurationPlatforms) = preSolution
		Debug|Any CPU = Debug|Any CPU
		Release|Any CPU = Release|Any CPU
	EndGlobalSection
	GlobalSection(NestedProjects) = preSolution
		{3DA9BC89-2BCF-448B-A130-F928BC1F42A6} = {C47ED1EF-DBFD-4512-88D0-C2B6A7E6017C}
		{C479DE47-D8E4-4AB9-94C0-7E5122B4D9BB} = {C47ED1EF-DBFD-4512-88D0-C2B6A7E6017C}
		{682546FF-B05F-45D8-A80C-59587387CA95} = {C47ED1EF-DBFD-4512-88D0-C2B6A7E6017C}
		{0F47C599-55B7-456D-A436-9F31E5C639AB} = {C47ED1EF-DBFD-4512-88D0-C2B6A7E6017C}
		{EB5083F6-6E61-415C-A9FF-3D6A774C0B1E} = {C47ED1EF-DBFD-4512-88D0-C2B6A7E6017C}
		{B65D6B91-D510-443C-B09B-4AA332E52D20} = {614C05DA-52D3-4C42-BF7C-3F3C9AE9505E}
	EndGlobalSection
	GlobalSection(ProjectConfigurationPlatforms) = postSolution
		{3DA9BC89-2BCF-448B-A130-F928BC1F42A6}.Debug|Any CPU.ActiveCfg = Debug|Any CPU
		{3DA9BC89-2BCF-448B-A130-F928BC1F42A6}.Debug|Any CPU.Build.0 = Debug|Any CPU
		{3DA9BC89-2BCF-448B-A130-F928BC1F42A6}.Release|Any CPU.ActiveCfg = Release|Any CPU
		{3DA9BC89-2BCF-448B-A130-F928BC1F42A6}.Release|Any CPU.Build.0 = Release|Any CPU
		{C479DE47-D8E4-4AB9-94C0-7E5122B4D9BB}.Debug|Any CPU.ActiveCfg = Debug|Any CPU
		{C479DE47-D8E4-4AB9-94C0-7E5122B4D9BB}.Debug|Any CPU.Build.0 = Debug|Any CPU
		{C479DE47-D8E4-4AB9-94C0-7E5122B4D9BB}.Release|Any CPU.ActiveCfg = Release|Any CPU
		{C479DE47-D8E4-4AB9-94C0-7E5122B4D9BB}.Release|Any CPU.Build.0 = Release|Any CPU
		{682546FF-B05F-45D8-A80C-59587387CA95}.Debug|Any CPU.ActiveCfg = Debug|Any CPU
		{682546FF-B05F-45D8-A80C-59587387CA95}.Debug|Any CPU.Build.0 = Debug|Any CPU
		{682546FF-B05F-45D8-A80C-59587387CA95}.Release|Any CPU.ActiveCfg = Release|Any CPU
		{682546FF-B05F-45D8-A80C-59587387CA95}.Release|Any CPU.Build.0 = Release|Any CPU
		{0F47C599-55B7-456D-A436-9F31E5C639AB}.Debug|Any CPU.ActiveCfg = Debug|Any CPU
		{0F47C599-55B7-456D-A436-9F31E5C639AB}.Debug|Any CPU.Build.0 = Debug|Any CPU
		{0F47C599-55B7-456D-A436-9F31E5C639AB}.Release|Any CPU.ActiveCfg = Release|Any CPU
		{0F47C599-55B7-456D-A436-9F31E5C639AB}.Release|Any CPU.Build.0 = Release|Any CPU
		{EB5083F6-6E61-415C-A9FF-3D6A774C0B1E}.Debug|Any CPU.ActiveCfg = Debug|Any CPU
		{EB5083F6-6E61-415C-A9FF-3D6A774C0B1E}.Debug|Any CPU.Build.0 = Debug|Any CPU
		{EB5083F6-6E61-415C-A9FF-3D6A774C0B1E}.Release|Any CPU.ActiveCfg = Release|Any CPU
		{EB5083F6-6E61-415C-A9FF-3D6A774C0B1E}.Release|Any CPU.Build.0 = Release|Any CPU
		{B65D6B91-D510-443C-B09B-4AA332E52D20}.Debug|Any CPU.ActiveCfg = Debug|Any CPU
		{B65D6B91-D510-443C-B09B-4AA332E52D20}.Debug|Any CPU.Build.0 = Debug|Any CPU
		{B65D6B91-D510-443C-B09B-4AA332E52D20}.Release|Any CPU.ActiveCfg = Release|Any CPU
		{B65D6B91-D510-443C-B09B-4AA332E52D20}.Release|Any CPU.Build.0 = Release|Any CPU
	EndGlobalSection
EndGlobal
