
Microsoft Visual Studio Solution File, Format Version 12.00
Project("{2150E333-8FDC-42A3-9474-1A3956D46DE8}") = "Server", "Server", "{C47ED1EF-DBFD-4512-88D0-C2B6A7E6017C}"
EndProject
Project("{FAE04EC0-301F-11D3-BF4B-00C04F79EFBC}") = "WebApi", "Server\WebApi\WebApi.csproj", "{0F47C599-55B7-456D-A436-9F31E5C639AB}"
EndProject
Project("{2150E333-8FDC-42A3-9474-1A3956D46DE8}") = "Shared", "Shared", "{614C05DA-52D3-4C42-BF7C-3F3C9AE9505E}"
EndProject
Project("{FAE04EC0-301F-11D3-BF4B-00C04F79EFBC}") = "ApiContracts", "ApiContracts\ApiContracts.csproj", "{B65D6B91-D510-443C-B09B-4AA332E52D20}"
EndProject
Project("{2150E333-8FDC-42A3-9474-1A3956D46DE8}") = "Client", "Client", "{92327C21-DE02-4990-8E2F-D92EA06958AB}"
EndProject
Project("{FAE04EC0-301F-11D3-BF4B-00C04F79EFBC}") = "BlazorApp", "BlazorApp\BlazorApp.csproj", "{699D804C-907A-4BB8-B692-BC21EFE802DC}"
EndProject
Project("{FAE04EC0-301F-11D3-BF4B-00C04F79EFBC}") = "EfcRepositories", "Server\EfcRepositories\EfcRepositories.csproj", "{60DF6D51-5052-4006-85D6-7AC76094A0E9}"
EndProject
Global
	GlobalSection(SolutionConfigurationPlatforms) = preSolution
		Debug|Any CPU = Debug|Any CPU
		Release|Any CPU = Release|Any CPU
	EndGlobalSection
	GlobalSection(NestedProjects) = preSolution
		{0F47C599-55B7-456D-A436-9F31E5C639AB} = {C47ED1EF-DBFD-4512-88D0-C2B6A7E6017C}
		{B65D6B91-D510-443C-B09B-4AA332E52D20} = {614C05DA-52D3-4C42-BF7C-3F3C9AE9505E}
		{699D804C-907A-4BB8-B692-BC21EFE802DC} = {92327C21-DE02-4990-8E2F-D92EA06958AB}
		{60DF6D51-5052-4006-85D6-7AC76094A0E9} = {C47ED1EF-DBFD-4512-88D0-C2B6A7E6017C}
	EndGlobalSection
	GlobalSection(ProjectConfigurationPlatforms) = postSolution
		{0F47C599-55B7-456D-A436-9F31E5C639AB}.Debug|Any CPU.ActiveCfg = Debug|Any CPU
		{0F47C599-55B7-456D-A436-9F31E5C639AB}.Debug|Any CPU.Build.0 = Debug|Any CPU
		{0F47C599-55B7-456D-A436-9F31E5C639AB}.Release|Any CPU.ActiveCfg = Release|Any CPU
		{0F47C599-55B7-456D-A436-9F31E5C639AB}.Release|Any CPU.Build.0 = Release|Any CPU
		{B65D6B91-D510-443C-B09B-4AA332E52D20}.Debug|Any CPU.ActiveCfg = Debug|Any CPU
		{B65D6B91-D510-443C-B09B-4AA332E52D20}.Debug|Any CPU.Build.0 = Debug|Any CPU
		{B65D6B91-D510-443C-B09B-4AA332E52D20}.Release|Any CPU.ActiveCfg = Release|Any CPU
		{B65D6B91-D510-443C-B09B-4AA332E52D20}.Release|Any CPU.Build.0 = Release|Any CPU
		{699D804C-907A-4BB8-B692-BC21EFE802DC}.Debug|Any CPU.ActiveCfg = Debug|Any CPU
		{699D804C-907A-4BB8-B692-BC21EFE802DC}.Debug|Any CPU.Build.0 = Debug|Any CPU
		{699D804C-907A-4BB8-B692-BC21EFE802DC}.Release|Any CPU.ActiveCfg = Release|Any CPU
		{699D804C-907A-4BB8-B692-BC21EFE802DC}.Release|Any CPU.Build.0 = Release|Any CPU
		{60DF6D51-5052-4006-85D6-7AC76094A0E9}.Debug|Any CPU.ActiveCfg = Debug|Any CPU
		{60DF6D51-5052-4006-85D6-7AC76094A0E9}.Debug|Any CPU.Build.0 = Debug|Any CPU
		{60DF6D51-5052-4006-85D6-7AC76094A0E9}.Release|Any CPU.ActiveCfg = Release|Any CPU
		{60DF6D51-5052-4006-85D6-7AC76094A0E9}.Release|Any CPU.Build.0 = Release|Any CPU
	EndGlobalSection
EndGlobal
