
Microsoft Visual Studio Solution File, Format Version 12.00
# Visual Studio Version 17
VisualStudioVersion = 17.0.31903.59
MinimumVisualStudioVersion = 10.0.40219.1
Project("{2150E333-8FDC-42A3-9474-1A3956D46DE8}") = "Server", "Server", "{DAD03CFC-D5FA-AC94-41C7-9ABAB326F09E}"
EndProject
Project("{FAE04EC0-301F-11D3-BF4B-00C04F79EFBC}") = "Entities", "Server\Entities\Entities.csproj", "{6EF34F2B-2AE8-4D15-856F-9DCC0B15F370}"
EndProject
Project("{FAE04EC0-301F-11D3-BF4B-00C04F79EFBC}") = "RepositoryContracts", "Server\RepositoryContracts\RepositoryContracts.csproj", "{68CC811B-1CA6-49FB-8892-3574E06A14A5}"
EndProject
Project("{FAE04EC0-301F-11D3-BF4B-00C04F79EFBC}") = "InMemoryRepositories", "Server\InMemoryRepositories\InMemoryRepositories.csproj", "{5C66F640-5B03-4126-A283-31D66D0A1487}"
EndProject
Project("{2150E333-8FDC-42A3-9474-1A3956D46DE8}") = "CLIApp", "CLIApp", "{1A5673C6-733B-2248-5530-26187A67BFBF}"
EndProject
Project("{FAE04EC0-301F-11D3-BF4B-00C04F79EFBC}") = "CLI", "CLIApp\CLI.csproj", "{0F669BA5-60FE-4C85-A44F-F88E216E7DB8}"
EndProject
Global
	GlobalSection(SolutionConfigurationPlatforms) = preSolution
		Debug|Any CPU = Debug|Any CPU
		Debug|x64 = Debug|x64
		Debug|x86 = Debug|x86
		Release|Any CPU = Release|Any CPU
		Release|x64 = Release|x64
		Release|x86 = Release|x86
	EndGlobalSection
	GlobalSection(ProjectConfigurationPlatforms) = postSolution
		{6EF34F2B-2AE8-4D15-856F-9DCC0B15F370}.Debug|Any CPU.ActiveCfg = Debug|Any CPU
		{6EF34F2B-2AE8-4D15-856F-9DCC0B15F370}.Debug|Any CPU.Build.0 = Debug|Any CPU
		{6EF34F2B-2AE8-4D15-856F-9DCC0B15F370}.Debug|x64.ActiveCfg = Debug|Any CPU
		{6EF34F2B-2AE8-4D15-856F-9DCC0B15F370}.Debug|x64.Build.0 = Debug|Any CPU
		{6EF34F2B-2AE8-4D15-856F-9DCC0B15F370}.Debug|x86.ActiveCfg = Debug|Any CPU
		{6EF34F2B-2AE8-4D15-856F-9DCC0B15F370}.Debug|x86.Build.0 = Debug|Any CPU
		{6EF34F2B-2AE8-4D15-856F-9DCC0B15F370}.Release|Any CPU.ActiveCfg = Release|Any CPU
		{6EF34F2B-2AE8-4D15-856F-9DCC0B15F370}.Release|Any CPU.Build.0 = Release|Any CPU
		{6EF34F2B-2AE8-4D15-856F-9DCC0B15F370}.Release|x64.ActiveCfg = Release|Any CPU
		{6EF34F2B-2AE8-4D15-856F-9DCC0B15F370}.Release|x64.Build.0 = Release|Any CPU
		{6EF34F2B-2AE8-4D15-856F-9DCC0B15F370}.Release|x86.ActiveCfg = Release|Any CPU
		{6EF34F2B-2AE8-4D15-856F-9DCC0B15F370}.Release|x86.Build.0 = Release|Any CPU
		{68CC811B-1CA6-49FB-8892-3574E06A14A5}.Debug|Any CPU.ActiveCfg = Debug|Any CPU
		{68CC811B-1CA6-49FB-8892-3574E06A14A5}.Debug|Any CPU.Build.0 = Debug|Any CPU
		{68CC811B-1CA6-49FB-8892-3574E06A14A5}.Debug|x64.ActiveCfg = Debug|Any CPU
		{68CC811B-1CA6-49FB-8892-3574E06A14A5}.Debug|x64.Build.0 = Debug|Any CPU
		{68CC811B-1CA6-49FB-8892-3574E06A14A5}.Debug|x86.ActiveCfg = Debug|Any CPU
		{68CC811B-1CA6-49FB-8892-3574E06A14A5}.Debug|x86.Build.0 = Debug|Any CPU
		{68CC811B-1CA6-49FB-8892-3574E06A14A5}.Release|Any CPU.ActiveCfg = Release|Any CPU
		{68CC811B-1CA6-49FB-8892-3574E06A14A5}.Release|Any CPU.Build.0 = Release|Any CPU
		{68CC811B-1CA6-49FB-8892-3574E06A14A5}.Release|x64.ActiveCfg = Release|Any CPU
		{68CC811B-1CA6-49FB-8892-3574E06A14A5}.Release|x64.Build.0 = Release|Any CPU
		{68CC811B-1CA6-49FB-8892-3574E06A14A5}.Release|x86.ActiveCfg = Release|Any CPU
		{68CC811B-1CA6-49FB-8892-3574E06A14A5}.Release|x86.Build.0 = Release|Any CPU
		{5C66F640-5B03-4126-A283-31D66D0A1487}.Debug|Any CPU.ActiveCfg = Debug|Any CPU
		{5C66F640-5B03-4126-A283-31D66D0A1487}.Debug|Any CPU.Build.0 = Debug|Any CPU
		{5C66F640-5B03-4126-A283-31D66D0A1487}.Debug|x64.ActiveCfg = Debug|Any CPU
		{5C66F640-5B03-4126-A283-31D66D0A1487}.Debug|x64.Build.0 = Debug|Any CPU
		{5C66F640-5B03-4126-A283-31D66D0A1487}.Debug|x86.ActiveCfg = Debug|Any CPU
		{5C66F640-5B03-4126-A283-31D66D0A1487}.Debug|x86.Build.0 = Debug|Any CPU
		{5C66F640-5B03-4126-A283-31D66D0A1487}.Release|Any CPU.ActiveCfg = Release|Any CPU
		{5C66F640-5B03-4126-A283-31D66D0A1487}.Release|Any CPU.Build.0 = Release|Any CPU
		{5C66F640-5B03-4126-A283-31D66D0A1487}.Release|x64.ActiveCfg = Release|Any CPU
		{5C66F640-5B03-4126-A283-31D66D0A1487}.Release|x64.Build.0 = Release|Any CPU
		{5C66F640-5B03-4126-A283-31D66D0A1487}.Release|x86.ActiveCfg = Release|Any CPU
		{5C66F640-5B03-4126-A283-31D66D0A1487}.Release|x86.Build.0 = Release|Any CPU
		{0F669BA5-60FE-4C85-A44F-F88E216E7DB8}.Debug|Any CPU.ActiveCfg = Debug|Any CPU
		{0F669BA5-60FE-4C85-A44F-F88E216E7DB8}.Debug|Any CPU.Build.0 = Debug|Any CPU
		{0F669BA5-60FE-4C85-A44F-F88E216E7DB8}.Debug|x64.ActiveCfg = Debug|Any CPU
		{0F669BA5-60FE-4C85-A44F-F88E216E7DB8}.Debug|x64.Build.0 = Debug|Any CPU
		{0F669BA5-60FE-4C85-A44F-F88E216E7DB8}.Debug|x86.ActiveCfg = Debug|Any CPU
		{0F669BA5-60FE-4C85-A44F-F88E216E7DB8}.Debug|x86.Build.0 = Debug|Any CPU
		{0F669BA5-60FE-4C85-A44F-F88E216E7DB8}.Release|Any CPU.ActiveCfg = Release|Any CPU
		{0F669BA5-60FE-4C85-A44F-F88E216E7DB8}.Release|Any CPU.Build.0 = Release|Any CPU
		{0F669BA5-60FE-4C85-A44F-F88E216E7DB8}.Release|x64.ActiveCfg = Release|Any CPU
		{0F669BA5-60FE-4C85-A44F-F88E216E7DB8}.Release|x64.Build.0 = Release|Any CPU
		{0F669BA5-60FE-4C85-A44F-F88E216E7DB8}.Release|x86.ActiveCfg = Release|Any CPU
		{0F669BA5-60FE-4C85-A44F-F88E216E7DB8}.Release|x86.Build.0 = Release|Any CPU
	EndGlobalSection
	GlobalSection(SolutionProperties) = preSolution
		HideSolutionNode = FALSE
	EndGlobalSection
	GlobalSection(NestedProjects) = preSolution
		{6EF34F2B-2AE8-4D15-856F-9DCC0B15F370} = {DAD03CFC-D5FA-AC94-41C7-9ABAB326F09E}
		{68CC811B-1CA6-49FB-8892-3574E06A14A5} = {DAD03CFC-D5FA-AC94-41C7-9ABAB326F09E}
		{5C66F640-5B03-4126-A283-31D66D0A1487} = {DAD03CFC-D5FA-AC94-41C7-9ABAB326F09E}
		{0F669BA5-60FE-4C85-A44F-F88E216E7DB8} = {1A5673C6-733B-2248-5530-26187A67BFBF}
	EndGlobalSection
EndGlobal
